
Microsoft Visual Studio Solution File, Format Version 12.00
# Visual Studio 15
VisualStudioVersion = 15.0.26124.0
MinimumVisualStudioVersion = 15.0.26124.0
Project("{2150E333-8FDC-42A3-9474-1A3956D46DE8}") = "src", "src", "{956E39A8-F5C8-47E6-BA6D-3B17265432D9}"
EndProject
Project("{2150E333-8FDC-42A3-9474-1A3956D46DE8}") = "_root", "_root", "{916EBF87-1941-42AD-B044-CB6343A74CAF}"
ProjectSection(SolutionItems) = preProject
	global.json = global.json
	LICENSE = LICENSE
	NuGet.config = NuGet.config
	README.md = README.md
	.gitattributes = .gitattributes
	.gitignore = .gitignore
	RELEASE_NOTES.md = RELEASE_NOTES.md
	RequestLoggingTest.ps1 = RequestLoggingTest.ps1
EndProjectSection
EndProject
Project("{FAE04EC0-301F-11D3-BF4B-00C04F79EFBC}") = "Logfella", "src\Logfella\Logfella.csproj", "{00916410-276D-4D09-87E5-8BA11E0A1137}"
EndProject
Project("{2150E333-8FDC-42A3-9474-1A3956D46DE8}") = "samples", "samples", "{182687DE-8FA8-4719-9A0D-67935496926B}"
EndProject
Project("{FAE04EC0-301F-11D3-BF4B-00C04F79EFBC}") = "Logfella.Samples.MVC", "samples\Logfella.Samples.MVC\Logfella.Samples.MVC.csproj", "{970BA3B7-4FDC-419D-9ABF-939455537A85}"
EndProject
Project("{F2A71F9B-5D33-465A-A702-920D77279786}") = "Logfella.Samples.Giraffe", "samples\Logfella.Samples.Giraffe\Logfella.Samples.Giraffe.fsproj", "{4DBCF0B6-BBD1-4E70-8C4E-CE2587BAE748}"
EndProject
Global
	GlobalSection(SolutionConfigurationPlatforms) = preSolution
		Debug|Any CPU = Debug|Any CPU
		Debug|x64 = Debug|x64
		Debug|x86 = Debug|x86
		Release|Any CPU = Release|Any CPU
		Release|x64 = Release|x64
		Release|x86 = Release|x86
	EndGlobalSection
	GlobalSection(SolutionProperties) = preSolution
		HideSolutionNode = FALSE
	EndGlobalSection
	GlobalSection(NestedProjects) = preSolution
		{00916410-276D-4D09-87E5-8BA11E0A1137} = {956E39A8-F5C8-47E6-BA6D-3B17265432D9}
		{970BA3B7-4FDC-419D-9ABF-939455537A85} = {182687DE-8FA8-4719-9A0D-67935496926B}
		{4DBCF0B6-BBD1-4E70-8C4E-CE2587BAE748} = {182687DE-8FA8-4719-9A0D-67935496926B}
	EndGlobalSection
	GlobalSection(ProjectConfigurationPlatforms) = postSolution
		{00916410-276D-4D09-87E5-8BA11E0A1137}.Debug|Any CPU.ActiveCfg = Debug|Any CPU
		{00916410-276D-4D09-87E5-8BA11E0A1137}.Debug|Any CPU.Build.0 = Debug|Any CPU
		{00916410-276D-4D09-87E5-8BA11E0A1137}.Debug|x64.ActiveCfg = Debug|Any CPU
		{00916410-276D-4D09-87E5-8BA11E0A1137}.Debug|x64.Build.0 = Debug|Any CPU
		{00916410-276D-4D09-87E5-8BA11E0A1137}.Debug|x86.ActiveCfg = Debug|Any CPU
		{00916410-276D-4D09-87E5-8BA11E0A1137}.Debug|x86.Build.0 = Debug|Any CPU
		{00916410-276D-4D09-87E5-8BA11E0A1137}.Release|Any CPU.ActiveCfg = Release|Any CPU
		{00916410-276D-4D09-87E5-8BA11E0A1137}.Release|Any CPU.Build.0 = Release|Any CPU
		{00916410-276D-4D09-87E5-8BA11E0A1137}.Release|x64.ActiveCfg = Release|Any CPU
		{00916410-276D-4D09-87E5-8BA11E0A1137}.Release|x64.Build.0 = Release|Any CPU
		{00916410-276D-4D09-87E5-8BA11E0A1137}.Release|x86.ActiveCfg = Release|Any CPU
		{00916410-276D-4D09-87E5-8BA11E0A1137}.Release|x86.Build.0 = Release|Any CPU
		{970BA3B7-4FDC-419D-9ABF-939455537A85}.Debug|Any CPU.ActiveCfg = Debug|Any CPU
		{970BA3B7-4FDC-419D-9ABF-939455537A85}.Debug|Any CPU.Build.0 = Debug|Any CPU
		{970BA3B7-4FDC-419D-9ABF-939455537A85}.Debug|x64.ActiveCfg = Debug|Any CPU
		{970BA3B7-4FDC-419D-9ABF-939455537A85}.Debug|x64.Build.0 = Debug|Any CPU
		{970BA3B7-4FDC-419D-9ABF-939455537A85}.Debug|x86.ActiveCfg = Debug|Any CPU
		{970BA3B7-4FDC-419D-9ABF-939455537A85}.Debug|x86.Build.0 = Debug|Any CPU
		{970BA3B7-4FDC-419D-9ABF-939455537A85}.Release|Any CPU.ActiveCfg = Release|Any CPU
		{970BA3B7-4FDC-419D-9ABF-939455537A85}.Release|Any CPU.Build.0 = Release|Any CPU
		{970BA3B7-4FDC-419D-9ABF-939455537A85}.Release|x64.ActiveCfg = Release|Any CPU
		{970BA3B7-4FDC-419D-9ABF-939455537A85}.Release|x64.Build.0 = Release|Any CPU
		{970BA3B7-4FDC-419D-9ABF-939455537A85}.Release|x86.ActiveCfg = Release|Any CPU
		{970BA3B7-4FDC-419D-9ABF-939455537A85}.Release|x86.Build.0 = Release|Any CPU
		{4DBCF0B6-BBD1-4E70-8C4E-CE2587BAE748}.Debug|Any CPU.ActiveCfg = Debug|Any CPU
		{4DBCF0B6-BBD1-4E70-8C4E-CE2587BAE748}.Debug|Any CPU.Build.0 = Debug|Any CPU
		{4DBCF0B6-BBD1-4E70-8C4E-CE2587BAE748}.Debug|x64.ActiveCfg = Debug|Any CPU
		{4DBCF0B6-BBD1-4E70-8C4E-CE2587BAE748}.Debug|x64.Build.0 = Debug|Any CPU
		{4DBCF0B6-BBD1-4E70-8C4E-CE2587BAE748}.Debug|x86.ActiveCfg = Debug|Any CPU
		{4DBCF0B6-BBD1-4E70-8C4E-CE2587BAE748}.Debug|x86.Build.0 = Debug|Any CPU
		{4DBCF0B6-BBD1-4E70-8C4E-CE2587BAE748}.Release|Any CPU.ActiveCfg = Release|Any CPU
		{4DBCF0B6-BBD1-4E70-8C4E-CE2587BAE748}.Release|Any CPU.Build.0 = Release|Any CPU
		{4DBCF0B6-BBD1-4E70-8C4E-CE2587BAE748}.Release|x64.ActiveCfg = Release|Any CPU
		{4DBCF0B6-BBD1-4E70-8C4E-CE2587BAE748}.Release|x64.Build.0 = Release|Any CPU
		{4DBCF0B6-BBD1-4E70-8C4E-CE2587BAE748}.Release|x86.ActiveCfg = Release|Any CPU
		{4DBCF0B6-BBD1-4E70-8C4E-CE2587BAE748}.Release|x86.Build.0 = Release|Any CPU
	EndGlobalSection
EndGlobal
